
Microsoft Visual Studio Solution File, Format Version 12.00
# Visual Studio Version 18
VisualStudioVersion = 18.0.11217.181 d18.0
MinimumVisualStudioVersion = 10.0.40219.1
Project("{FAE04EC0-301F-11D3-BF4B-00C04F79EFBC}") = "SpicyAD", "SpicyAD\SpicyAD.csproj", "{867E0A4D-8E21-4287-A2D1-9EACB9B15071}"
EndProject
Global
	GlobalSection(SolutionConfigurationPlatforms) = preSolution
		Debug|Any CPU = Debug|Any CPU
		Release|Any CPU = Release|Any CPU
	EndGlobalSection
	GlobalSection(ProjectConfigurationPlatforms) = postSolution
		{867E0A4D-8E21-4287-A2D1-9EACB9B15071}.Debug|Any CPU.ActiveCfg = Debug|Any CPU
		{867E0A4D-8E21-4287-A2D1-9EACB9B15071}.Debug|Any CPU.Build.0 = Debug|Any CPU
		{867E0A4D-8E21-4287-A2D1-9EACB9B15071}.Release|Any CPU.ActiveCfg = Release|Any CPU
		{867E0A4D-8E21-4287-A2D1-9EACB9B15071}.Release|Any CPU.Build.0 = Release|Any CPU
	EndGlobalSection
	GlobalSection(SolutionProperties) = preSolution
		HideSolutionNode = FALSE
	EndGlobalSection
	GlobalSection(ExtensibilityGlobals) = postSolution
		SolutionGuid = {C63D72B7-2819-4612-90D5-1EE2E8EA29A2}
	EndGlobalSection
EndGlobal
